// !$*UTF8*$!
{
	archiveVersion = 1;
	classes = {
	};
	objectVersion = 56;
	objects = {

/* Begin PBXBuildFile section */
		081E802A2AF9E842004D441C /* Extensions.swift in Sources */ = {isa = PBXBuildFile; fileRef = 081E80292AF9E842004D441C /* Extensions.swift */; };
		08D888FF2AF9BD4C005D41D0 /* AppDelegate.swift in Sources */ = {isa = PBXBuildFile; fileRef = 08D888FE2AF9BD4C005D41D0 /* AppDelegate.swift */; };
		08D889012AF9BD4C005D41D0 /* SceneDelegate.swift in Sources */ = {isa = PBXBuildFile; fileRef = 08D889002AF9BD4C005D41D0 /* SceneDelegate.swift */; };
		08D889032AF9BD4C005D41D0 /* ConversationsViewController.swift in Sources */ = {isa = PBXBuildFile; fileRef = 08D889022AF9BD4C005D41D0 /* ConversationsViewController.swift */; };
		08D889062AF9BD4C005D41D0 /* Main.storyboard in Resources */ = {isa = PBXBuildFile; fileRef = 08D889042AF9BD4C005D41D0 /* Main.storyboard */; };
		08D889082AF9BD52005D41D0 /* Assets.xcassets in Resources */ = {isa = PBXBuildFile; fileRef = 08D889072AF9BD52005D41D0 /* Assets.xcassets */; };
		08D8890B2AF9BD52005D41D0 /* LaunchScreen.storyboard in Resources */ = {isa = PBXBuildFile; fileRef = 08D889092AF9BD52005D41D0 /* LaunchScreen.storyboard */; };
		08D889192AF9C318005D41D0 /* LoginViewController.swift in Sources */ = {isa = PBXBuildFile; fileRef = 08D889182AF9C318005D41D0 /* LoginViewController.swift */; };
		08D8891B2AF9C32F005D41D0 /* RegisterViewController.swift in Sources */ = {isa = PBXBuildFile; fileRef = 08D8891A2AF9C32E005D41D0 /* RegisterViewController.swift */; };
		08D8891D2AF9C365005D41D0 /* PhotoViewerViewController.swift in Sources */ = {isa = PBXBuildFile; fileRef = 08D8891C2AF9C365005D41D0 /* PhotoViewerViewController.swift */; };
		08D8891F2AF9C37B005D41D0 /* VideoPlayerViewController.swift in Sources */ = {isa = PBXBuildFile; fileRef = 08D8891E2AF9C37B005D41D0 /* VideoPlayerViewController.swift */; };
		08D889212AF9C3AD005D41D0 /* NewConversationViewController.swift in Sources */ = {isa = PBXBuildFile; fileRef = 08D889202AF9C3AD005D41D0 /* NewConversationViewController.swift */; };
		08D889232AF9C3D5005D41D0 /* ProfileViewController.swift in Sources */ = {isa = PBXBuildFile; fileRef = 08D889222AF9C3D5005D41D0 /* ProfileViewController.swift */; };
/* End PBXBuildFile section */

/* Begin PBXFileReference section */
		081E80292AF9E842004D441C /* Extensions.swift */ = {isa = PBXFileReference; lastKnownFileType = sourcecode.swift; path = Extensions.swift; sourceTree = "<group>"; };
		08D888FB2AF9BD4C005D41D0 /* Messenger.app */ = {isa = PBXFileReference; explicitFileType = wrapper.application; includeInIndex = 0; path = Messenger.app; sourceTree = BUILT_PRODUCTS_DIR; };
		08D888FE2AF9BD4C005D41D0 /* AppDelegate.swift */ = {isa = PBXFileReference; lastKnownFileType = sourcecode.swift; path = AppDelegate.swift; sourceTree = "<group>"; };
		08D889002AF9BD4C005D41D0 /* SceneDelegate.swift */ = {isa = PBXFileReference; lastKnownFileType = sourcecode.swift; path = SceneDelegate.swift; sourceTree = "<group>"; };
		08D889022AF9BD4C005D41D0 /* ConversationsViewController.swift */ = {isa = PBXFileReference; lastKnownFileType = sourcecode.swift; path = ConversationsViewController.swift; sourceTree = "<group>"; };
		08D889052AF9BD4C005D41D0 /* Base */ = {isa = PBXFileReference; lastKnownFileType = file.storyboard; name = Base; path = Base.lproj/Main.storyboard; sourceTree = "<group>"; };
		08D889072AF9BD52005D41D0 /* Assets.xcassets */ = {isa = PBXFileReference; lastKnownFileType = folder.assetcatalog; path = Assets.xcassets; sourceTree = "<group>"; };
		08D8890A2AF9BD52005D41D0 /* Base */ = {isa = PBXFileReference; lastKnownFileType = file.storyboard; name = Base; path = Base.lproj/LaunchScreen.storyboard; sourceTree = "<group>"; };
		08D8890C2AF9BD52005D41D0 /* Info.plist */ = {isa = PBXFileReference; lastKnownFileType = text.plist.xml; path = Info.plist; sourceTree = "<group>"; };
		08D889182AF9C318005D41D0 /* LoginViewController.swift */ = {isa = PBXFileReference; lastKnownFileType = sourcecode.swift; path = LoginViewController.swift; sourceTree = "<group>"; };
		08D8891A2AF9C32E005D41D0 /* RegisterViewController.swift */ = {isa = PBXFileReference; lastKnownFileType = sourcecode.swift; path = RegisterViewController.swift; sourceTree = "<group>"; };
		08D8891C2AF9C365005D41D0 /* PhotoViewerViewController.swift */ = {isa = PBXFileReference; lastKnownFileType = sourcecode.swift; path = PhotoViewerViewController.swift; sourceTree = "<group>"; };
		08D8891E2AF9C37B005D41D0 /* VideoPlayerViewController.swift */ = {isa = PBXFileReference; lastKnownFileType = sourcecode.swift; path = VideoPlayerViewController.swift; sourceTree = "<group>"; };
		08D889202AF9C3AD005D41D0 /* NewConversationViewController.swift */ = {isa = PBXFileReference; lastKnownFileType = sourcecode.swift; path = NewConversationViewController.swift; sourceTree = "<group>"; };
		08D889222AF9C3D5005D41D0 /* ProfileViewController.swift */ = {isa = PBXFileReference; lastKnownFileType = sourcecode.swift; path = ProfileViewController.swift; sourceTree = "<group>"; };
/* End PBXFileReference section */

/* Begin PBXFrameworksBuildPhase section */
		08D888F82AF9BD4C005D41D0 /* Frameworks */ = {
			isa = PBXFrameworksBuildPhase;
			buildActionMask = 2147483647;
			files = (
			);
			runOnlyForDeploymentPostprocessing = 0;
		};
/* End PBXFrameworksBuildPhase section */

/* Begin PBXGroup section */
		08D888F22AF9BD4C005D41D0 = {
			isa = PBXGroup;
			children = (
				08D888FD2AF9BD4C005D41D0 /* Messenger */,
				08D888FC2AF9BD4C005D41D0 /* Products */,
			);
			sourceTree = "<group>";
		};
		08D888FC2AF9BD4C005D41D0 /* Products */ = {
			isa = PBXGroup;
			children = (
				08D888FB2AF9BD4C005D41D0 /* Messenger.app */,
			);
			name = Products;
			sourceTree = "<group>";
		};
		08D888FD2AF9BD4C005D41D0 /* Messenger */ = {
			isa = PBXGroup;
			children = (
				08D889162AF9C14A005D41D0 /* Resources */,
				08D889152AF9C128005D41D0 /* ViewModels */,
				08D889142AF9C123005D41D0 /* Models */,
				08D889132AF9C11D005D41D0 /* Views */,
				08D889122AF9C10D005D41D0 /* Controllers */,
				08D8890C2AF9BD52005D41D0 /* Info.plist */,
			);
			path = Messenger;
			sourceTree = "<group>";
		};
		08D889122AF9C10D005D41D0 /* Controllers */ = {
			isa = PBXGroup;
			children = (
				08D889022AF9BD4C005D41D0 /* ConversationsViewController.swift */,
				08D889182AF9C318005D41D0 /* LoginViewController.swift */,
				08D8891A2AF9C32E005D41D0 /* RegisterViewController.swift */,
				08D8891C2AF9C365005D41D0 /* PhotoViewerViewController.swift */,
				08D8891E2AF9C37B005D41D0 /* VideoPlayerViewController.swift */,
				08D889202AF9C3AD005D41D0 /* NewConversationViewController.swift */,
				08D889222AF9C3D5005D41D0 /* ProfileViewController.swift */,
			);
			path = Controllers;
			sourceTree = "<group>";
		};
		08D889132AF9C11D005D41D0 /* Views */ = {
			isa = PBXGroup;
			children = (
				08D889172AF9C191005D41D0 /* StoryBoards */,
				08D889072AF9BD52005D41D0 /* Assets.xcassets */,
				08D889092AF9BD52005D41D0 /* LaunchScreen.storyboard */,
			);
			path = Views;
			sourceTree = "<group>";
		};
		08D889142AF9C123005D41D0 /* Models */ = {
			isa = PBXGroup;
			children = (
			);
			path = Models;
			sourceTree = "<group>";
		};
		08D889152AF9C128005D41D0 /* ViewModels */ = {
			isa = PBXGroup;
			children = (
			);
			path = ViewModels;
			sourceTree = "<group>";
		};
		08D889162AF9C14A005D41D0 /* Resources */ = {
			isa = PBXGroup;
			children = (
				08D888FE2AF9BD4C005D41D0 /* AppDelegate.swift */,
				08D889002AF9BD4C005D41D0 /* SceneDelegate.swift */,
				081E80292AF9E842004D441C /* Extensions.swift */,
			);
			path = Resources;
			sourceTree = "<group>";
		};
		08D889172AF9C191005D41D0 /* StoryBoards */ = {
			isa = PBXGroup;
			children = (
				08D889042AF9BD4C005D41D0 /* Main.storyboard */,
			);
			path = StoryBoards;
			sourceTree = "<group>";
		};
/* End PBXGroup section */

/* Begin PBXNativeTarget section */
		08D888FA2AF9BD4C005D41D0 /* Messenger */ = {
			isa = PBXNativeTarget;
			buildConfigurationList = 08D8890F2AF9BD52005D41D0 /* Build configuration list for PBXNativeTarget "Messenger" */;
			buildPhases = (
				08D888F72AF9BD4C005D41D0 /* Sources */,
				08D888F82AF9BD4C005D41D0 /* Frameworks */,
				08D888F92AF9BD4C005D41D0 /* Resources */,
			);
			buildRules = (
			);
			dependencies = (
			);
			name = Messenger;
			productName = Messenger;
			productReference = 08D888FB2AF9BD4C005D41D0 /* Messenger.app */;
			productType = "com.apple.product-type.application";
		};
/* End PBXNativeTarget section */

/* Begin PBXProject section */
		08D888F32AF9BD4C005D41D0 /* Project object */ = {
			isa = PBXProject;
			attributes = {
				BuildIndependentTargetsInParallel = 1;
				LastSwiftUpdateCheck = 1500;
				LastUpgradeCheck = 1500;
				TargetAttributes = {
					08D888FA2AF9BD4C005D41D0 = {
						CreatedOnToolsVersion = 15.0.1;
					};
				};
			};
			buildConfigurationList = 08D888F62AF9BD4C005D41D0 /* Build configuration list for PBXProject "Messenger" */;
			compatibilityVersion = "Xcode 14.0";
			developmentRegion = en;
			hasScannedForEncodings = 0;
			knownRegions = (
				en,
				Base,
			);
			mainGroup = 08D888F22AF9BD4C005D41D0;
			productRefGroup = 08D888FC2AF9BD4C005D41D0 /* Products */;
			projectDirPath = "";
			projectRoot = "";
			targets = (
				08D888FA2AF9BD4C005D41D0 /* Messenger */,
			);
		};
/* End PBXProject section */

/* Begin PBXResourcesBuildPhase section */
		08D888F92AF9BD4C005D41D0 /* Resources */ = {
			isa = PBXResourcesBuildPhase;
			buildActionMask = 2147483647;
			files = (
				08D8890B2AF9BD52005D41D0 /* LaunchScreen.storyboard in Resources */,
				08D889082AF9BD52005D41D0 /* Assets.xcassets in Resources */,
				08D889062AF9BD4C005D41D0 /* Main.storyboard in Resources */,
			);
			runOnlyForDeploymentPostprocessing = 0;
		};
/* End PBXResourcesBuildPhase section */

/* Begin PBXSourcesBuildPhase section */
		08D888F72AF9BD4C005D41D0 /* Sources */ = {
			isa = PBXSourcesBuildPhase;
			buildActionMask = 2147483647;
			files = (
				08D889192AF9C318005D41D0 /* LoginViewController.swift in Sources */,
				08D8891B2AF9C32F005D41D0 /* RegisterViewController.swift in Sources */,
				08D889212AF9C3AD005D41D0 /* NewConversationViewController.swift in Sources */,
				08D889032AF9BD4C005D41D0 /* ConversationsViewController.swift in Sources */,
				08D8891F2AF9C37B005D41D0 /* VideoPlayerViewController.swift in Sources */,
				081E802A2AF9E842004D441C /* Extensions.swift in Sources */,
				08D888FF2AF9BD4C005D41D0 /* AppDelegate.swift in Sources */,
				08D889232AF9C3D5005D41D0 /* ProfileViewController.swift in Sources */,
				08D889012AF9BD4C005D41D0 /* SceneDelegate.swift in Sources */,
				08D8891D2AF9C365005D41D0 /* PhotoViewerViewController.swift in Sources */,
			);
			runOnlyForDeploymentPostprocessing = 0;
		};
/* End PBXSourcesBuildPhase section */

/* Begin PBXVariantGroup section */
		08D889042AF9BD4C005D41D0 /* Main.storyboard */ = {
			isa = PBXVariantGroup;
			children = (
				08D889052AF9BD4C005D41D0 /* Base */,
			);
			name = Main.storyboard;
			sourceTree = "<group>";
		};
		08D889092AF9BD52005D41D0 /* LaunchScreen.storyboard */ = {
			isa = PBXVariantGroup;
			children = (
				08D8890A2AF9BD52005D41D0 /* Base */,
			);
			name = LaunchScreen.storyboard;
			sourceTree = "<group>";
		};
/* End PBXVariantGroup section */

/* Begin XCBuildConfiguration section */
		08D8890D2AF9BD52005D41D0 /* Debug */ = {
			isa = XCBuildConfiguration;
			buildSettings = {
				ALWAYS_SEARCH_USER_PATHS = NO;
				ASSETCATALOG_COMPILER_GENERATE_SWIFT_ASSET_SYMBOL_EXTENSIONS = YES;
				CLANG_ANALYZER_NONNULL = YES;
				CLANG_ANALYZER_NUMBER_OBJECT_CONVERSION = YES_AGGRESSIVE;
				CLANG_CXX_LANGUAGE_STANDARD = "gnu++20";
				CLANG_ENABLE_MODULES = YES;
				CLANG_ENABLE_OBJC_ARC = YES;
				CLANG_ENABLE_OBJC_WEAK = YES;
				CLANG_WARN_BLOCK_CAPTURE_AUTORELEASING = YES;
				CLANG_WARN_BOOL_CONVERSION = YES;
				CLANG_WARN_COMMA = YES;
				CLANG_WARN_CONSTANT_CONVERSION = YES;
				CLANG_WARN_DEPRECATED_OBJC_IMPLEMENTATIONS = YES;
				CLANG_WARN_DIRECT_OBJC_ISA_USAGE = YES_ERROR;
				CLANG_WARN_DOCUMENTATION_COMMENTS = YES;
				CLANG_WARN_EMPTY_BODY = YES;
				CLANG_WARN_ENUM_CONVERSION = YES;
				CLANG_WARN_INFINITE_RECURSION = YES;
				CLANG_WARN_INT_CONVERSION = YES;
				CLANG_WARN_NON_LITERAL_NULL_CONVERSION = YES;
				CLANG_WARN_OBJC_IMPLICIT_RETAIN_SELF = YES;
				CLANG_WARN_OBJC_LITERAL_CONVERSION = YES;
				CLANG_WARN_OBJC_ROOT_CLASS = YES_ERROR;
				CLANG_WARN_QUOTED_INCLUDE_IN_FRAMEWORK_HEADER = YES;
				CLANG_WARN_RANGE_LOOP_ANALYSIS = YES;
				CLANG_WARN_STRICT_PROTOTYPES = YES;
				CLANG_WARN_SUSPICIOUS_MOVE = YES;
				CLANG_WARN_UNGUARDED_AVAILABILITY = YES_AGGRESSIVE;
				CLANG_WARN_UNREACHABLE_CODE = YES;
				CLANG_WARN__DUPLICATE_METHOD_MATCH = YES;
				COPY_PHASE_STRIP = NO;
				DEBUG_INFORMATION_FORMAT = dwarf;
				ENABLE_STRICT_OBJC_MSGSEND = YES;
				ENABLE_TESTABILITY = YES;
				ENABLE_USER_SCRIPT_SANDBOXING = YES;
				GCC_C_LANGUAGE_STANDARD = gnu17;
				GCC_DYNAMIC_NO_PIC = NO;
				GCC_NO_COMMON_BLOCKS = YES;
				GCC_OPTIMIZATION_LEVEL = 0;
				GCC_PREPROCESSOR_DEFINITIONS = (
					"DEBUG=1",
					"$(inherited)",
				);
				GCC_WARN_64_TO_32_BIT_CONVERSION = YES;
				GCC_WARN_ABOUT_RETURN_TYPE = YES_ERROR;
				GCC_WARN_UNDECLARED_SELECTOR = YES;
				GCC_WARN_UNINITIALIZED_AUTOS = YES_AGGRESSIVE;
				GCC_WARN_UNUSED_FUNCTION = YES;
				GCC_WARN_UNUSED_VARIABLE = YES;
				IPHONEOS_DEPLOYMENT_TARGET = 17.0;
				LOCALIZATION_PREFERS_STRING_CATALOGS = YES;
				MTL_ENABLE_DEBUG_INFO = INCLUDE_SOURCE;
				MTL_FAST_MATH = YES;
				ONLY_ACTIVE_ARCH = YES;
				SDKROOT = iphoneos;
				SWIFT_ACTIVE_COMPILATION_CONDITIONS = "DEBUG $(inherited)";
				SWIFT_OPTIMIZATION_LEVEL = "-Onone";
			};
			name = Debug;
		};
		08D8890E2AF9BD52005D41D0 /* Release */ = {
			isa = XCBuildConfiguration;
			buildSettings = {
				ALWAYS_SEARCH_USER_PATHS = NO;
				ASSETCATALOG_COMPILER_GENERATE_SWIFT_ASSET_SYMBOL_EXTENSIONS = YES;
				CLANG_ANALYZER_NONNULL = YES;
				CLANG_ANALYZER_NUMBER_OBJECT_CONVERSION = YES_AGGRESSIVE;
				CLANG_CXX_LANGUAGE_STANDARD = "gnu++20";
				CLANG_ENABLE_MODULES = YES;
				CLANG_ENABLE_OBJC_ARC = YES;
				CLANG_ENABLE_OBJC_WEAK = YES;
				CLANG_WARN_BLOCK_CAPTURE_AUTORELEASING = YES;
				CLANG_WARN_BOOL_CONVERSION = YES;
				CLANG_WARN_COMMA = YES;
				CLANG_WARN_CONSTANT_CONVERSION = YES;
				CLANG_WARN_DEPRECATED_OBJC_IMPLEMENTATIONS = YES;
				CLANG_WARN_DIRECT_OBJC_ISA_USAGE = YES_ERROR;
				CLANG_WARN_DOCUMENTATION_COMMENTS = YES;
				CLANG_WARN_EMPTY_BODY = YES;
				CLANG_WARN_ENUM_CONVERSION = YES;
				CLANG_WARN_INFINITE_RECURSION = YES;
				CLANG_WARN_INT_CONVERSION = YES;
				CLANG_WARN_NON_LITERAL_NULL_CONVERSION = YES;
				CLANG_WARN_OBJC_IMPLICIT_RETAIN_SELF = YES;
				CLANG_WARN_OBJC_LITERAL_CONVERSION = YES;
				CLANG_WARN_OBJC_ROOT_CLASS = YES_ERROR;
				CLANG_WARN_QUOTED_INCLUDE_IN_FRAMEWORK_HEADER = YES;
				CLANG_WARN_RANGE_LOOP_ANALYSIS = YES;
				CLANG_WARN_STRICT_PROTOTYPES = YES;
				CLANG_WARN_SUSPICIOUS_MOVE = YES;
				CLANG_WARN_UNGUARDED_AVAILABILITY = YES_AGGRESSIVE;
				CLANG_WARN_UNREACHABLE_CODE = YES;
				CLANG_WARN__DUPLICATE_METHOD_MATCH = YES;
				COPY_PHASE_STRIP = NO;
				DEBUG_INFORMATION_FORMAT = "dwarf-with-dsym";
				ENABLE_NS_ASSERTIONS = NO;
				ENABLE_STRICT_OBJC_MSGSEND = YES;
				ENABLE_USER_SCRIPT_SANDBOXING = YES;
				GCC_C_LANGUAGE_STANDARD = gnu17;
				GCC_NO_COMMON_BLOCKS = YES;
				GCC_WARN_64_TO_32_BIT_CONVERSION = YES;
				GCC_WARN_ABOUT_RETURN_TYPE = YES_ERROR;
				GCC_WARN_UNDECLARED_SELECTOR = YES;
				GCC_WARN_UNINITIALIZED_AUTOS = YES_AGGRESSIVE;
				GCC_WARN_UNUSED_FUNCTION = YES;
				GCC_WARN_UNUSED_VARIABLE = YES;
				IPHONEOS_DEPLOYMENT_TARGET = 17.0;
				LOCALIZATION_PREFERS_STRING_CATALOGS = YES;
				MTL_ENABLE_DEBUG_INFO = NO;
				MTL_FAST_MATH = YES;
				SDKROOT = iphoneos;
				SWIFT_COMPILATION_MODE = wholemodule;
				VALIDATE_PRODUCT = YES;
			};
			name = Release;
		};
		08D889102AF9BD52005D41D0 /* Debug */ = {
			isa = XCBuildConfiguration;
			buildSettings = {
				ASSETCATALOG_COMPILER_APPICON_NAME = AppIcon;
				ASSETCATALOG_COMPILER_GLOBAL_ACCENT_COLOR_NAME = AccentColor;
				CODE_SIGN_STYLE = Automatic;
				CURRENT_PROJECT_VERSION = 1;
				DEVELOPMENT_TEAM = P656828H62;
				GENERATE_INFOPLIST_FILE = YES;
				INFOPLIST_FILE = Messenger/Info.plist;
				INFOPLIST_KEY_UIApplicationSupportsIndirectInputEvents = YES;
				INFOPLIST_KEY_UILaunchStoryboardName = LaunchScreen;
				INFOPLIST_KEY_UIMainStoryboardFile = Main;
				INFOPLIST_KEY_UISupportedInterfaceOrientations = "UIInterfaceOrientationPortrait UIInterfaceOrientationPortraitUpsideDown";
				IPHONEOS_DEPLOYMENT_TARGET = 15.0;
				LD_RUNPATH_SEARCH_PATHS = (
					"$(inherited)",
					"@executable_path/Frameworks",
				);
				MARKETING_VERSION = 1.0;
				PRODUCT_BUNDLE_IDENTIFIER = com.swiftuibootcamp.dev.Messenger;
				PRODUCT_NAME = "$(TARGET_NAME)";
				SWIFT_EMIT_LOC_STRINGS = YES;
				SWIFT_VERSION = 5.0;
				TARGETED_DEVICE_FAMILY = "1,2";
			};
			name = Debug;
		};
		08D889112AF9BD52005D41D0 /* Release */ = {
			isa = XCBuildConfiguration;
			buildSettings = {
				ASSETCATALOG_COMPILER_APPICON_NAME = AppIcon;
				ASSETCATALOG_COMPILER_GLOBAL_ACCENT_COLOR_NAME = AccentColor;
				CODE_SIGN_STYLE = Automatic;
				CURRENT_PROJECT_VERSION = 1;
				DEVELOPMENT_TEAM = P656828H62;
				GENERATE_INFOPLIST_FILE = YES;
				INFOPLIST_FILE = Messenger/Info.plist;
				INFOPLIST_KEY_UIApplicationSupportsIndirectInputEvents = YES;
				INFOPLIST_KEY_UILaunchStoryboardName = LaunchScreen;
				INFOPLIST_KEY_UIMainStoryboardFile = Main;
				INFOPLIST_KEY_UISupportedInterfaceOrientations = "UIInterfaceOrientationPortrait UIInterfaceOrientationPortraitUpsideDown";
				IPHONEOS_DEPLOYMENT_TARGET = 15.0;
				LD_RUNPATH_SEARCH_PATHS = (
					"$(inherited)",
					"@executable_path/Frameworks",
				);
				MARKETING_VERSION = 1.0;
				PRODUCT_BUNDLE_IDENTIFIER = com.swiftuibootcamp.dev.Messenger;
				PRODUCT_NAME = "$(TARGET_NAME)";
				SWIFT_EMIT_LOC_STRINGS = YES;
				SWIFT_VERSION = 5.0;
				TARGETED_DEVICE_FAMILY = "1,2";
			};
			name = Release;
		};
/* End XCBuildConfiguration section */

/* Begin XCConfigurationList section */
		08D888F62AF9BD4C005D41D0 /* Build configuration list for PBXProject "Messenger" */ = {
			isa = XCConfigurationList;
			buildConfigurations = (
				08D8890D2AF9BD52005D41D0 /* Debug */,
				08D8890E2AF9BD52005D41D0 /* Release */,
			);
			defaultConfigurationIsVisible = 0;
			defaultConfigurationName = Release;
		};
		08D8890F2AF9BD52005D41D0 /* Build configuration list for PBXNativeTarget "Messenger" */ = {
			isa = XCConfigurationList;
			buildConfigurations = (
				08D889102AF9BD52005D41D0 /* Debug */,
				08D889112AF9BD52005D41D0 /* Release */,
			);
			defaultConfigurationIsVisible = 0;
			defaultConfigurationName = Release;
		};
/* End XCConfigurationList section */
	};
	rootObject = 08D888F32AF9BD4C005D41D0 /* Project object */;
}
